
Microsoft Visual Studio Solution File, Format Version 12.00
# Visual Studio Version 17
VisualStudioVersion = 17.1.32407.343
MinimumVisualStudioVersion = 10.0.40219.1
Project("{FAE04EC0-301F-11D3-BF4B-00C04F79EFBC}") = "Testgit", "Testgit\Testgit.csproj", "{349CE65D-8664-44A9-BC4A-21C77D667698}"
EndProject
Global
	GlobalSection(SolutionConfigurationPlatforms) = preSolution
		Debug|Any CPU = Debug|Any CPU
		Release|Any CPU = Release|Any CPU
	EndGlobalSection
	GlobalSection(ProjectConfigurationPlatforms) = postSolution
		{349CE65D-8664-44A9-BC4A-21C77D667698}.Debug|Any CPU.ActiveCfg = Debug|Any CPU
		{349CE65D-8664-44A9-BC4A-21C77D667698}.Debug|Any CPU.Build.0 = Debug|Any CPU
		{349CE65D-8664-44A9-BC4A-21C77D667698}.Release|Any CPU.ActiveCfg = Release|Any CPU
		{349CE65D-8664-44A9-BC4A-21C77D667698}.Release|Any CPU.Build.0 = Release|Any CPU
	EndGlobalSection
	GlobalSection(SolutionProperties) = preSolution
		HideSolutionNode = FALSE
	EndGlobalSection
	GlobalSection(ExtensibilityGlobals) = postSolution
		SolutionGuid = {74DC62EA-A53D-4A58-BC70-BDBF243BB24F}
	EndGlobalSection
EndGlobal
